// !$*UTF8*$!
{
	archiveVersion = 1;
	classes = {
	};
	objectVersion = 50;
	objects = {

/* Begin PBXBuildFile section */
		25416F5B21FB80F80024BCC2 /* tips_error@2x.png in Resources */ = {isa = PBXBuildFile; fileRef = 25416F5521FB80F70024BCC2 /* tips_error@2x.png */; };
		25416F5C21FB80F80024BCC2 /* tips_done@2x.png in Resources */ = {isa = PBXBuildFile; fileRef = 25416F5621FB80F80024BCC2 /* tips_done@2x.png */; };
		25416F5D21FB80F80024BCC2 /* tips_done@3x.png in Resources */ = {isa = PBXBuildFile; fileRef = 25416F5721FB80F80024BCC2 /* tips_done@3x.png */; };
		25416F5E21FB80F80024BCC2 /* tips_info@2x.png in Resources */ = {isa = PBXBuildFile; fileRef = 25416F5821FB80F80024BCC2 /* tips_info@2x.png */; };
		25416F5F21FB80F80024BCC2 /* tips_info@3x.png in Resources */ = {isa = PBXBuildFile; fileRef = 25416F5921FB80F80024BCC2 /* tips_info@3x.png */; };
		25416F6021FB80F80024BCC2 /* tips_error@3x.png in Resources */ = {isa = PBXBuildFile; fileRef = 25416F5A21FB80F80024BCC2 /* tips_error@3x.png */; };
		25416F6321FB85140024BCC2 /* NSString+StringKit.m in Sources */ = {isa = PBXBuildFile; fileRef = 25416F6221FB85140024BCC2 /* NSString+StringKit.m */; };
		25416F6621FB9A140024BCC2 /* CustomToastAnimator.m in Sources */ = {isa = PBXBuildFile; fileRef = 25416F6521FB9A140024BCC2 /* CustomToastAnimator.m */; };
		A50FA20021B8AAB1006BC5F2 /* AppDelegate.m in Sources */ = {isa = PBXBuildFile; fileRef = A50FA1FF21B8AAB1006BC5F2 /* AppDelegate.m */; };
		A50FA20321B8AAB1006BC5F2 /* ViewController.m in Sources */ = {isa = PBXBuildFile; fileRef = A50FA20221B8AAB1006BC5F2 /* ViewController.m */; };
		A50FA20621B8AAB1006BC5F2 /* Main.storyboard in Resources */ = {isa = PBXBuildFile; fileRef = A50FA20421B8AAB1006BC5F2 /* Main.storyboard */; };
		A50FA20821B8AAB3006BC5F2 /* Assets.xcassets in Resources */ = {isa = PBXBuildFile; fileRef = A50FA20721B8AAB3006BC5F2 /* Assets.xcassets */; };
		A50FA20B21B8AAB3006BC5F2 /* LaunchScreen.storyboard in Resources */ = {isa = PBXBuildFile; fileRef = A50FA20921B8AAB3006BC5F2 /* LaunchScreen.storyboard */; };
		A50FA20E21B8AAB3006BC5F2 /* main.m in Sources */ = {isa = PBXBuildFile; fileRef = A50FA20D21B8AAB3006BC5F2 /* main.m */; };
		A50FA21621B902F3006BC5F2 /* TSUIToastBackgroundView.m in Sources */ = {isa = PBXBuildFile; fileRef = A50FA21521B902F3006BC5F2 /* TSUIToastBackgroundView.m */; };
		A50FA21821B90302006BC5F2 /* File in Resources */ = {isa = PBXBuildFile; fileRef = A50FA21721B90302006BC5F2 /* File */; };
		A50FA21C21B90657006BC5F2 /* TSUIToastContentView.m in Sources */ = {isa = PBXBuildFile; fileRef = A50FA21B21B90657006BC5F2 /* TSUIToastContentView.m */; };
		A599BAE521B923DF006FCF41 /* UIView+TSViewLayout.m in Sources */ = {isa = PBXBuildFile; fileRef = A599BAE421B923DF006FCF41 /* UIView+TSViewLayout.m */; };
		A599BAE821B92648006FCF41 /* TSUIToastAnimator.m in Sources */ = {isa = PBXBuildFile; fileRef = A599BAE721B92648006FCF41 /* TSUIToastAnimator.m */; };
		A599BAEB21B947BA006FCF41 /* TSUIToastView.m in Sources */ = {isa = PBXBuildFile; fileRef = A599BAEA21B947BA006FCF41 /* TSUIToastView.m */; };
		A599BAEE21BA6D74006FCF41 /* TSTipsView.m in Sources */ = {isa = PBXBuildFile; fileRef = A599BAED21BA6D74006FCF41 /* TSTipsView.m */; };
/* End PBXBuildFile section */

/* Begin PBXFileReference section */
		25416F5521FB80F70024BCC2 /* tips_error@2x.png */ = {isa = PBXFileReference; lastKnownFileType = image.png; path = "tips_error@2x.png"; sourceTree = "<group>"; };
		25416F5621FB80F80024BCC2 /* tips_done@2x.png */ = {isa = PBXFileReference; lastKnownFileType = image.png; path = "tips_done@2x.png"; sourceTree = "<group>"; };
		25416F5721FB80F80024BCC2 /* tips_done@3x.png */ = {isa = PBXFileReference; lastKnownFileType = image.png; path = "tips_done@3x.png"; sourceTree = "<group>"; };
		25416F5821FB80F80024BCC2 /* tips_info@2x.png */ = {isa = PBXFileReference; lastKnownFileType = image.png; path = "tips_info@2x.png"; sourceTree = "<group>"; };
		25416F5921FB80F80024BCC2 /* tips_info@3x.png */ = {isa = PBXFileReference; lastKnownFileType = image.png; path = "tips_info@3x.png"; sourceTree = "<group>"; };
		25416F5A21FB80F80024BCC2 /* tips_error@3x.png */ = {isa = PBXFileReference; lastKnownFileType = image.png; path = "tips_error@3x.png"; sourceTree = "<group>"; };
		25416F6121FB85140024BCC2 /* NSString+StringKit.h */ = {isa = PBXFileReference; lastKnownFileType = sourcecode.c.h; path = "NSString+StringKit.h"; sourceTree = "<group>"; };
		25416F6221FB85140024BCC2 /* NSString+StringKit.m */ = {isa = PBXFileReference; lastKnownFileType = sourcecode.c.objc; path = "NSString+StringKit.m"; sourceTree = "<group>"; };
		25416F6421FB9A140024BCC2 /* CustomToastAnimator.h */ = {isa = PBXFileReference; lastKnownFileType = sourcecode.c.h; path = CustomToastAnimator.h; sourceTree = "<group>"; };
		25416F6521FB9A140024BCC2 /* CustomToastAnimator.m */ = {isa = PBXFileReference; lastKnownFileType = sourcecode.c.objc; path = CustomToastAnimator.m; sourceTree = "<group>"; };
		A50FA1FB21B8AAB1006BC5F2 /* LoadingDemo.app */ = {isa = PBXFileReference; explicitFileType = wrapper.application; includeInIndex = 0; path = LoadingDemo.app; sourceTree = BUILT_PRODUCTS_DIR; };
		A50FA1FE21B8AAB1006BC5F2 /* AppDelegate.h */ = {isa = PBXFileReference; lastKnownFileType = sourcecode.c.h; path = AppDelegate.h; sourceTree = "<group>"; };
		A50FA1FF21B8AAB1006BC5F2 /* AppDelegate.m */ = {isa = PBXFileReference; lastKnownFileType = sourcecode.c.objc; path = AppDelegate.m; sourceTree = "<group>"; };
		A50FA20121B8AAB1006BC5F2 /* ViewController.h */ = {isa = PBXFileReference; lastKnownFileType = sourcecode.c.h; path = ViewController.h; sourceTree = "<group>"; };
		A50FA20221B8AAB1006BC5F2 /* ViewController.m */ = {isa = PBXFileReference; lastKnownFileType = sourcecode.c.objc; path = ViewController.m; sourceTree = "<group>"; };
		A50FA20521B8AAB1006BC5F2 /* Base */ = {isa = PBXFileReference; lastKnownFileType = file.storyboard; name = Base; path = Base.lproj/Main.storyboard; sourceTree = "<group>"; };
		A50FA20721B8AAB3006BC5F2 /* Assets.xcassets */ = {isa = PBXFileReference; lastKnownFileType = folder.assetcatalog; path = Assets.xcassets; sourceTree = "<group>"; };
		A50FA20A21B8AAB3006BC5F2 /* Base */ = {isa = PBXFileReference; lastKnownFileType = file.storyboard; name = Base; path = Base.lproj/LaunchScreen.storyboard; sourceTree = "<group>"; };
		A50FA20C21B8AAB3006BC5F2 /* Info.plist */ = {isa = PBXFileReference; lastKnownFileType = text.plist.xml; path = Info.plist; sourceTree = "<group>"; };
		A50FA20D21B8AAB3006BC5F2 /* main.m */ = {isa = PBXFileReference; lastKnownFileType = sourcecode.c.objc; path = main.m; sourceTree = "<group>"; };
		A50FA21421B902F2006BC5F2 /* TSUIToastBackgroundView.h */ = {isa = PBXFileReference; lastKnownFileType = sourcecode.c.h; path = TSUIToastBackgroundView.h; sourceTree = "<group>"; };
		A50FA21521B902F3006BC5F2 /* TSUIToastBackgroundView.m */ = {isa = PBXFileReference; lastKnownFileType = sourcecode.c.objc; path = TSUIToastBackgroundView.m; sourceTree = "<group>"; };
		A50FA21721B90302006BC5F2 /* File */ = {isa = PBXFileReference; lastKnownFileType = text; path = File; sourceTree = "<group>"; };
		A50FA21921B905C5006BC5F2 /* TSUICommonDefines.h */ = {isa = PBXFileReference; lastKnownFileType = sourcecode.c.h; path = TSUICommonDefines.h; sourceTree = "<group>"; };
		A50FA21A21B90657006BC5F2 /* TSUIToastContentView.h */ = {isa = PBXFileReference; lastKnownFileType = sourcecode.c.h; path = TSUIToastContentView.h; sourceTree = "<group>"; };
		A50FA21B21B90657006BC5F2 /* TSUIToastContentView.m */ = {isa = PBXFileReference; lastKnownFileType = sourcecode.c.objc; path = TSUIToastContentView.m; sourceTree = "<group>"; };
		A599BAE321B923DF006FCF41 /* UIView+TSViewLayout.h */ = {isa = PBXFileReference; lastKnownFileType = sourcecode.c.h; path = "UIView+TSViewLayout.h"; sourceTree = "<group>"; };
		A599BAE421B923DF006FCF41 /* UIView+TSViewLayout.m */ = {isa = PBXFileReference; lastKnownFileType = sourcecode.c.objc; path = "UIView+TSViewLayout.m"; sourceTree = "<group>"; };
		A599BAE621B92648006FCF41 /* TSUIToastAnimator.h */ = {isa = PBXFileReference; lastKnownFileType = sourcecode.c.h; path = TSUIToastAnimator.h; sourceTree = "<group>"; };
		A599BAE721B92648006FCF41 /* TSUIToastAnimator.m */ = {isa = PBXFileReference; lastKnownFileType = sourcecode.c.objc; path = TSUIToastAnimator.m; sourceTree = "<group>"; };
		A599BAE921B947BA006FCF41 /* TSUIToastView.h */ = {isa = PBXFileReference; lastKnownFileType = sourcecode.c.h; path = TSUIToastView.h; sourceTree = "<group>"; };
		A599BAEA21B947BA006FCF41 /* TSUIToastView.m */ = {isa = PBXFileReference; lastKnownFileType = sourcecode.c.objc; path = TSUIToastView.m; sourceTree = "<group>"; };
		A599BAEC21BA6D74006FCF41 /* TSTipsView.h */ = {isa = PBXFileReference; lastKnownFileType = sourcecode.c.h; path = TSTipsView.h; sourceTree = "<group>"; };
		A599BAED21BA6D74006FCF41 /* TSTipsView.m */ = {isa = PBXFileReference; lastKnownFileType = sourcecode.c.objc; path = TSTipsView.m; sourceTree = "<group>"; };
/* End PBXFileReference section */

/* Begin PBXFrameworksBuildPhase section */
		A50FA1F821B8AAB1006BC5F2 /* Frameworks */ = {
			isa = PBXFrameworksBuildPhase;
			buildActionMask = 2147483647;
			files = (
			);
			runOnlyForDeploymentPostprocessing = 0;
		};
/* End PBXFrameworksBuildPhase section */

/* Begin PBXGroup section */
		25416F4821FB80700024BCC2 /* ToastResource */ = {
			isa = PBXGroup;
			children = (
				25416F5621FB80F80024BCC2 /* tips_done@2x.png */,
				25416F5721FB80F80024BCC2 /* tips_done@3x.png */,
				25416F5521FB80F70024BCC2 /* tips_error@2x.png */,
				25416F5A21FB80F80024BCC2 /* tips_error@3x.png */,
				25416F5821FB80F80024BCC2 /* tips_info@2x.png */,
				25416F5921FB80F80024BCC2 /* tips_info@3x.png */,
			);
			path = ToastResource;
			sourceTree = "<group>";
		};
		A50FA1F221B8AAB1006BC5F2 = {
			isa = PBXGroup;
			children = (
				A50FA21721B90302006BC5F2 /* File */,
				A50FA1FD21B8AAB1006BC5F2 /* LoadingDemo */,
				A50FA1FC21B8AAB1006BC5F2 /* Products */,
			);
			sourceTree = "<group>";
		};
		A50FA1FC21B8AAB1006BC5F2 /* Products */ = {
			isa = PBXGroup;
			children = (
				A50FA1FB21B8AAB1006BC5F2 /* LoadingDemo.app */,
			);
			name = Products;
			sourceTree = "<group>";
		};
		A50FA1FD21B8AAB1006BC5F2 /* LoadingDemo */ = {
			isa = PBXGroup;
			children = (
				25416F4821FB80700024BCC2 /* ToastResource */,
				A50FA1FE21B8AAB1006BC5F2 /* AppDelegate.h */,
				A50FA1FF21B8AAB1006BC5F2 /* AppDelegate.m */,
				A50FA20121B8AAB1006BC5F2 /* ViewController.h */,
				A50FA20221B8AAB1006BC5F2 /* ViewController.m */,
				25416F6421FB9A140024BCC2 /* CustomToastAnimator.h */,
				25416F6521FB9A140024BCC2 /* CustomToastAnimator.m */,
				A599BAEC21BA6D74006FCF41 /* TSTipsView.h */,
				A599BAED21BA6D74006FCF41 /* TSTipsView.m */,
				A599BAE921B947BA006FCF41 /* TSUIToastView.h */,
				A599BAEA21B947BA006FCF41 /* TSUIToastView.m */,
				A599BAE621B92648006FCF41 /* TSUIToastAnimator.h */,
				A599BAE721B92648006FCF41 /* TSUIToastAnimator.m */,
				A50FA21421B902F2006BC5F2 /* TSUIToastBackgroundView.h */,
				A50FA21521B902F3006BC5F2 /* TSUIToastBackgroundView.m */,
				A50FA21A21B90657006BC5F2 /* TSUIToastContentView.h */,
				A50FA21B21B90657006BC5F2 /* TSUIToastContentView.m */,
				A50FA21921B905C5006BC5F2 /* TSUICommonDefines.h */,
				A599BAE321B923DF006FCF41 /* UIView+TSViewLayout.h */,
				A599BAE421B923DF006FCF41 /* UIView+TSViewLayout.m */,
				25416F6121FB85140024BCC2 /* NSString+StringKit.h */,
				25416F6221FB85140024BCC2 /* NSString+StringKit.m */,
				A50FA20421B8AAB1006BC5F2 /* Main.storyboard */,
				A50FA20721B8AAB3006BC5F2 /* Assets.xcassets */,
				A50FA20921B8AAB3006BC5F2 /* LaunchScreen.storyboard */,
				A50FA20C21B8AAB3006BC5F2 /* Info.plist */,
				A50FA20D21B8AAB3006BC5F2 /* main.m */,
			);
			path = LoadingDemo;
			sourceTree = "<group>";
		};
/* End PBXGroup section */

/* Begin PBXNativeTarget section */
		A50FA1FA21B8AAB1006BC5F2 /* LoadingDemo */ = {
			isa = PBXNativeTarget;
			buildConfigurationList = A50FA21121B8AAB3006BC5F2 /* Build configuration list for PBXNativeTarget "LoadingDemo" */;
			buildPhases = (
				A50FA1F721B8AAB1006BC5F2 /* Sources */,
				A50FA1F821B8AAB1006BC5F2 /* Frameworks */,
				A50FA1F921B8AAB1006BC5F2 /* Resources */,
			);
			buildRules = (
			);
			dependencies = (
			);
			name = LoadingDemo;
			productName = LoadingDemo;
			productReference = A50FA1FB21B8AAB1006BC5F2 /* LoadingDemo.app */;
			productType = "com.apple.product-type.application";
		};
/* End PBXNativeTarget section */

/* Begin PBXProject section */
		A50FA1F321B8AAB1006BC5F2 /* Project object */ = {
			isa = PBXProject;
			attributes = {
				LastUpgradeCheck = 1000;
				ORGANIZATIONNAME = yjk;
				TargetAttributes = {
					A50FA1FA21B8AAB1006BC5F2 = {
						CreatedOnToolsVersion = 10.0;
					};
				};
			};
			buildConfigurationList = A50FA1F621B8AAB1006BC5F2 /* Build configuration list for PBXProject "LoadingDemo" */;
			compatibilityVersion = "Xcode 9.3";
			developmentRegion = en;
			hasScannedForEncodings = 0;
			knownRegions = (
				en,
				Base,
			);
			mainGroup = A50FA1F221B8AAB1006BC5F2;
			productRefGroup = A50FA1FC21B8AAB1006BC5F2 /* Products */;
			projectDirPath = "";
			projectRoot = "";
			targets = (
				A50FA1FA21B8AAB1006BC5F2 /* LoadingDemo */,
			);
		};
/* End PBXProject section */

/* Begin PBXResourcesBuildPhase section */
		A50FA1F921B8AAB1006BC5F2 /* Resources */ = {
			isa = PBXResourcesBuildPhase;
			buildActionMask = 2147483647;
			files = (
				25416F5F21FB80F80024BCC2 /* tips_info@3x.png in Resources */,
				25416F5E21FB80F80024BCC2 /* tips_info@2x.png in Resources */,
				25416F6021FB80F80024BCC2 /* tips_error@3x.png in Resources */,
				25416F5C21FB80F80024BCC2 /* tips_done@2x.png in Resources */,
				A50FA21821B90302006BC5F2 /* File in Resources */,
				A50FA20B21B8AAB3006BC5F2 /* LaunchScreen.storyboard in Resources */,
				25416F5B21FB80F80024BCC2 /* tips_error@2x.png in Resources */,
				25416F5D21FB80F80024BCC2 /* tips_done@3x.png in Resources */,
				A50FA20821B8AAB3006BC5F2 /* Assets.xcassets in Resources */,
				A50FA20621B8AAB1006BC5F2 /* Main.storyboard in Resources */,
			);
			runOnlyForDeploymentPostprocessing = 0;
		};
/* End PBXResourcesBuildPhase section */

/* Begin PBXSourcesBuildPhase section */
		A50FA1F721B8AAB1006BC5F2 /* Sources */ = {
			isa = PBXSourcesBuildPhase;
			buildActionMask = 2147483647;
			files = (
				A599BAE521B923DF006FCF41 /* UIView+TSViewLayout.m in Sources */,
				25416F6321FB85140024BCC2 /* NSString+StringKit.m in Sources */,
				A50FA20321B8AAB1006BC5F2 /* ViewController.m in Sources */,
				A50FA20E21B8AAB3006BC5F2 /* main.m in Sources */,
				A50FA20021B8AAB1006BC5F2 /* AppDelegate.m in Sources */,
				A50FA21C21B90657006BC5F2 /* TSUIToastContentView.m in Sources */,
				A599BAEB21B947BA006FCF41 /* TSUIToastView.m in Sources */,
				A599BAEE21BA6D74006FCF41 /* TSTipsView.m in Sources */,
				A50FA21621B902F3006BC5F2 /* TSUIToastBackgroundView.m in Sources */,
				25416F6621FB9A140024BCC2 /* CustomToastAnimator.m in Sources */,
				A599BAE821B92648006FCF41 /* TSUIToastAnimator.m in Sources */,
			);
			runOnlyForDeploymentPostprocessing = 0;
		};
/* End PBXSourcesBuildPhase section */

/* Begin PBXVariantGroup section */
		A50FA20421B8AAB1006BC5F2 /* Main.storyboard */ = {
			isa = PBXVariantGroup;
			children = (
				A50FA20521B8AAB1006BC5F2 /* Base */,
			);
			name = Main.storyboard;
			sourceTree = "<group>";
		};
		A50FA20921B8AAB3006BC5F2 /* LaunchScreen.storyboard */ = {
			isa = PBXVariantGroup;
			children = (
				A50FA20A21B8AAB3006BC5F2 /* Base */,
			);
			name = LaunchScreen.storyboard;
			sourceTree = "<group>";
		};
/* End PBXVariantGroup section */

/* Begin XCBuildConfiguration section */
		A50FA20F21B8AAB3006BC5F2 /* Debug */ = {
			isa = XCBuildConfiguration;
			buildSettings = {
				ALWAYS_SEARCH_USER_PATHS = NO;
				CLANG_ANALYZER_NONNULL = YES;
				CLANG_ANALYZER_NUMBER_OBJECT_CONVERSION = YES_AGGRESSIVE;
				CLANG_CXX_LANGUAGE_STANDARD = "gnu++14";
				CLANG_CXX_LIBRARY = "libc++";
				CLANG_ENABLE_MODULES = YES;
				CLANG_ENABLE_OBJC_ARC = YES;
				CLANG_ENABLE_OBJC_WEAK = YES;
				CLANG_WARN_BLOCK_CAPTURE_AUTORELEASING = YES;
				CLANG_WARN_BOOL_CONVERSION = YES;
				CLANG_WARN_COMMA = YES;
				CLANG_WARN_CONSTANT_CONVERSION = YES;
				CLANG_WARN_DEPRECATED_OBJC_IMPLEMENTATIONS = YES;
				CLANG_WARN_DIRECT_OBJC_ISA_USAGE = YES_ERROR;
				CLANG_WARN_DOCUMENTATION_COMMENTS = YES;
				CLANG_WARN_EMPTY_BODY = YES;
				CLANG_WARN_ENUM_CONVERSION = YES;
				CLANG_WARN_INFINITE_RECURSION = YES;
				CLANG_WARN_INT_CONVERSION = YES;
				CLANG_WARN_NON_LITERAL_NULL_CONVERSION = YES;
				CLANG_WARN_OBJC_IMPLICIT_RETAIN_SELF = YES;
				CLANG_WARN_OBJC_LITERAL_CONVERSION = YES;
				CLANG_WARN_OBJC_ROOT_CLASS = YES_ERROR;
				CLANG_WARN_RANGE_LOOP_ANALYSIS = YES;
				CLANG_WARN_STRICT_PROTOTYPES = YES;
				CLANG_WARN_SUSPICIOUS_MOVE = YES;
				CLANG_WARN_UNGUARDED_AVAILABILITY = YES_AGGRESSIVE;
				CLANG_WARN_UNREACHABLE_CODE = YES;
				CLANG_WARN__DUPLICATE_METHOD_MATCH = YES;
				CODE_SIGN_IDENTITY = "iPhone Developer";
				COPY_PHASE_STRIP = NO;
				DEBUG_INFORMATION_FORMAT = dwarf;
				ENABLE_STRICT_OBJC_MSGSEND = YES;
				ENABLE_TESTABILITY = YES;
				GCC_C_LANGUAGE_STANDARD = gnu11;
				GCC_DYNAMIC_NO_PIC = NO;
				GCC_NO_COMMON_BLOCKS = YES;
				GCC_OPTIMIZATION_LEVEL = 0;
				GCC_PREPROCESSOR_DEFINITIONS = (
					"DEBUG=1",
					"$(inherited)",
				);
				GCC_WARN_64_TO_32_BIT_CONVERSION = YES;
				GCC_WARN_ABOUT_RETURN_TYPE = YES_ERROR;
				GCC_WARN_UNDECLARED_SELECTOR = YES;
				GCC_WARN_UNINITIALIZED_AUTOS = YES_AGGRESSIVE;
				GCC_WARN_UNUSED_FUNCTION = YES;
				GCC_WARN_UNUSED_VARIABLE = YES;
				IPHONEOS_DEPLOYMENT_TARGET = 12.0;
				MTL_ENABLE_DEBUG_INFO = INCLUDE_SOURCE;
				MTL_FAST_MATH = YES;
				ONLY_ACTIVE_ARCH = YES;
				SDKROOT = iphoneos;
			};
			name = Debug;
		};
		A50FA21021B8AAB3006BC5F2 /* Release */ = {
			isa = XCBuildConfiguration;
			buildSettings = {
				ALWAYS_SEARCH_USER_PATHS = NO;
				CLANG_ANALYZER_NONNULL = YES;
				CLANG_ANALYZER_NUMBER_OBJECT_CONVERSION = YES_AGGRESSIVE;
				CLANG_CXX_LANGUAGE_STANDARD = "gnu++14";
				CLANG_CXX_LIBRARY = "libc++";
				CLANG_ENABLE_MODULES = YES;
				CLANG_ENABLE_OBJC_ARC = YES;
				CLANG_ENABLE_OBJC_WEAK = YES;
				CLANG_WARN_BLOCK_CAPTURE_AUTORELEASING = YES;
				CLANG_WARN_BOOL_CONVERSION = YES;
				CLANG_WARN_COMMA = YES;
				CLANG_WARN_CONSTANT_CONVERSION = YES;
				CLANG_WARN_DEPRECATED_OBJC_IMPLEMENTATIONS = YES;
				CLANG_WARN_DIRECT_OBJC_ISA_USAGE = YES_ERROR;
				CLANG_WARN_DOCUMENTATION_COMMENTS = YES;
				CLANG_WARN_EMPTY_BODY = YES;
				CLANG_WARN_ENUM_CONVERSION = YES;
				CLANG_WARN_INFINITE_RECURSION = YES;
				CLANG_WARN_INT_CONVERSION = YES;
				CLANG_WARN_NON_LITERAL_NULL_CONVERSION = YES;
				CLANG_WARN_OBJC_IMPLICIT_RETAIN_SELF = YES;
				CLANG_WARN_OBJC_LITERAL_CONVERSION = YES;
				CLANG_WARN_OBJC_ROOT_CLASS = YES_ERROR;
				CLANG_WARN_RANGE_LOOP_ANALYSIS = YES;
				CLANG_WARN_STRICT_PROTOTYPES = YES;
				CLANG_WARN_SUSPICIOUS_MOVE = YES;
				CLANG_WARN_UNGUARDED_AVAILABILITY = YES_AGGRESSIVE;
				CLANG_WARN_UNREACHABLE_CODE = YES;
				CLANG_WARN__DUPLICATE_METHOD_MATCH = YES;
				CODE_SIGN_IDENTITY = "iPhone Developer";
				COPY_PHASE_STRIP = NO;
				DEBUG_INFORMATION_FORMAT = "dwarf-with-dsym";
				ENABLE_NS_ASSERTIONS = NO;
				ENABLE_STRICT_OBJC_MSGSEND = YES;
				GCC_C_LANGUAGE_STANDARD = gnu11;
				GCC_NO_COMMON_BLOCKS = YES;
				GCC_WARN_64_TO_32_BIT_CONVERSION = YES;
				GCC_WARN_ABOUT_RETURN_TYPE = YES_ERROR;
				GCC_WARN_UNDECLARED_SELECTOR = YES;
				GCC_WARN_UNINITIALIZED_AUTOS = YES_AGGRESSIVE;
				GCC_WARN_UNUSED_FUNCTION = YES;
				GCC_WARN_UNUSED_VARIABLE = YES;
				IPHONEOS_DEPLOYMENT_TARGET = 12.0;
				MTL_ENABLE_DEBUG_INFO = NO;
				MTL_FAST_MATH = YES;
				SDKROOT = iphoneos;
				VALIDATE_PRODUCT = YES;
			};
			name = Release;
		};
		A50FA21221B8AAB3006BC5F2 /* Debug */ = {
			isa = XCBuildConfiguration;
			buildSettings = {
				ASSETCATALOG_COMPILER_APPICON_NAME = AppIcon;
				CODE_SIGN_STYLE = Automatic;
				DEVELOPMENT_TEAM = SH62TFHP5S;
				INFOPLIST_FILE = LoadingDemo/Info.plist;
				LD_RUNPATH_SEARCH_PATHS = (
					"$(inherited)",
					"@executable_path/Frameworks",
				);
				PRODUCT_BUNDLE_IDENTIFIER = yjk.LoadingDemo;
				PRODUCT_NAME = "$(TARGET_NAME)";
				TARGETED_DEVICE_FAMILY = "1,2";
			};
			name = Debug;
		};
		A50FA21321B8AAB3006BC5F2 /* Release */ = {
			isa = XCBuildConfiguration;
			buildSettings = {
				ASSETCATALOG_COMPILER_APPICON_NAME = AppIcon;
				CODE_SIGN_STYLE = Automatic;
				DEVELOPMENT_TEAM = SH62TFHP5S;
				INFOPLIST_FILE = LoadingDemo/Info.plist;
				LD_RUNPATH_SEARCH_PATHS = (
					"$(inherited)",
					"@executable_path/Frameworks",
				);
				PRODUCT_BUNDLE_IDENTIFIER = yjk.LoadingDemo;
				PRODUCT_NAME = "$(TARGET_NAME)";
				TARGETED_DEVICE_FAMILY = "1,2";
			};
			name = Release;
		};
/* End XCBuildConfiguration section */

/* Begin XCConfigurationList section */
		A50FA1F621B8AAB1006BC5F2 /* Build configuration list for PBXProject "LoadingDemo" */ = {
			isa = XCConfigurationList;
			buildConfigurations = (
				A50FA20F21B8AAB3006BC5F2 /* Debug */,
				A50FA21021B8AAB3006BC5F2 /* Release */,
			);
			defaultConfigurationIsVisible = 0;
			defaultConfigurationName = Release;
		};
		A50FA21121B8AAB3006BC5F2 /* Build configuration list for PBXNativeTarget "LoadingDemo" */ = {
			isa = XCConfigurationList;
			buildConfigurations = (
				A50FA21221B8AAB3006BC5F2 /* Debug */,
				A50FA21321B8AAB3006BC5F2 /* Release */,
			);
			defaultConfigurationIsVisible = 0;
			defaultConfigurationName = Release;
		};
/* End XCConfigurationList section */
	};
	rootObject = A50FA1F321B8AAB1006BC5F2 /* Project object */;
}
